{
  "version": "v1",
  "packages": {
    "google-docs-parser": {
      "signature": "1912030c42fa19e46313d494be735cb4",
      "file": true,
      "replaced": "latest"
    },
    "google-docs-components": {
      "signature": "6bd1c041b00daa39b767e076daafd260",
      "file": true,
      "replaced": "^1.0.9"
    },
    "docs-renderer-vue2": {
      "signature": "5d6c1e873ebdaaa03ef871e2063532ba",
      "file": true,
      "replaced": "^0.2.0"
    }
  }
}