{
  "version": "v1",
  "packages": {
    "google-docs-parser": {
      "signature": "1912030c42fa19e46313d494be735cb4",
      "file": true,
      "replaced": "latest"
    },
    "google-docs-components": {
      "signature": "3fa92ad5fcbee72d993e534cc684c983",
      "file": true,
      "replaced": "latest"
    },
    "docs-renderer-vue2": {
      "signature": "9bc8ff73d58341a9c6bc43e6f297dd25",
      "file": true
    }
  }
}